Microsoft Visual Studio Solution File, Format Version 12.00
# Visual Studio 2012
Project("{FAE04EC0-301F-11D3-BF4B-00C04F79EFBC}") = "My_First_Game", "My_First_Game.csproj", "{836DEA02-43F9-4BD6-BE9E-4F67F6C72CA0}"
EndProject
Global
	GlobalSection(SolutionConfigurationPlatforms) = preSolution
	Debug|Any CPU = Debug|Any CPU
	ExportDebug|Any CPU = ExportDebug|Any CPU
	ExportRelease|Any CPU = ExportRelease|Any CPU
	EndGlobalSection
	GlobalSection(ProjectConfigurationPlatforms) = postSolution
		{836DEA02-43F9-4BD6-BE9E-4F67F6C72CA0}.Debug|Any CPU.ActiveCfg = Debug|Any CPU
		{836DEA02-43F9-4BD6-BE9E-4F67F6C72CA0}.Debug|Any CPU.Build.0 = Debug|Any CPU
		{836DEA02-43F9-4BD6-BE9E-4F67F6C72CA0}.ExportDebug|Any CPU.ActiveCfg = ExportDebug|Any CPU
		{836DEA02-43F9-4BD6-BE9E-4F67F6C72CA0}.ExportDebug|Any CPU.Build.0 = ExportDebug|Any CPU
		{836DEA02-43F9-4BD6-BE9E-4F67F6C72CA0}.ExportRelease|Any CPU.ActiveCfg = ExportRelease|Any CPU
		{836DEA02-43F9-4BD6-BE9E-4F67F6C72CA0}.ExportRelease|Any CPU.Build.0 = ExportRelease|Any CPU
	EndGlobalSection
EndGlobal
